{
	"name": "obsidian-sample-plugin",
	"version": "1.0.0",
	"lockfileVersion": 3,
	"requires": true,
	"packages": {
		"": {
			"name": "obsidian-sample-plugin",
			"version": "1.0.0",
			"license": "MIT",
			"dependencies": {
				"@hono/node-server": "^1.13.8",
				"@hono/valibot-validator": "^0.5.2",
				"es-toolkit": "^1.31.0",
				"hono": "^4.7.1",
				"mailauth": "^4.8.2",
				"mailparser": "^3.7.2",
				"smtp-server": "^3.13.6"
			},
			"devDependencies": {
				"@biomejs/biome": "1.9.4",
				"@types/bun": "^1.1.17",
				"@types/mailparser": "^3.4.5",
				"@types/node": "^22.10.7",
				"@types/smtp-server": "^3.5.10",
				"builtin-modules": "4.0.0",
				"esbuild": "0.24.2",
				"obsidian": "latest",
				"tslib": "^2.8.1",
				"typescript": "5.7.3"
			}
		},
		"node_modules/@biomejs/biome": {
			"version": "1.9.4",
			"dev": true,
			"hasInstallScript": true,
			"license": "MIT OR Apache-2.0",
			"bin": {
				"biome": "bin/biome"
			},
			"engines": {
				"node": ">=14.21.3"
			},
			"funding": {
				"type": "opencollective",
				"url": "https://opencollective.com/biome"
			},
			"optionalDependencies": {
				"@biomejs/cli-darwin-arm64": "1.9.4",
				"@biomejs/cli-darwin-x64": "1.9.4",
				"@biomejs/cli-linux-arm64": "1.9.4",
				"@biomejs/cli-linux-arm64-musl": "1.9.4",
				"@biomejs/cli-linux-x64": "1.9.4",
				"@biomejs/cli-linux-x64-musl": "1.9.4",
				"@biomejs/cli-win32-arm64": "1.9.4",
				"@biomejs/cli-win32-x64": "1.9.4"
			}
		},
		"node_modules/@biomejs/cli-darwin-arm64": {
			"version": "1.9.4",
			"cpu": [
				"arm64"
			],
			"dev": true,
			"license": "MIT OR Apache-2.0",
			"optional": true,
			"os": [
				"darwin"
			],
			"engines": {
				"node": ">=14.21.3"
			}
		},
		"node_modules/@codemirror/state": {
			"version": "6.5.1",
			"dev": true,
			"license": "MIT",
			"peer": true,
			"dependencies": {
				"@marijn/find-cluster-break": "^1.0.0"
			}
		},
		"node_modules/@codemirror/view": {
			"version": "6.36.2",
			"dev": true,
			"license": "MIT",
			"peer": true,
			"dependencies": {
				"@codemirror/state": "^6.5.0",
				"style-mod": "^4.1.0",
				"w3c-keyname": "^2.2.4"
			}
		},
		"node_modules/@esbuild/darwin-arm64": {
			"version": "0.24.2",
			"cpu": [
				"arm64"
			],
			"dev": true,
			"license": "MIT",
			"optional": true,
			"os": [
				"darwin"
			],
			"engines": {
				"node": ">=18"
			}
		},
		"node_modules/@fastify/busboy": {
			"version": "2.1.1",
			"license": "MIT",
			"engines": {
				"node": ">=14"
			}
		},
		"node_modules/@hapi/hoek": {
			"version": "9.3.0",
			"license": "BSD-3-Clause"
		},
		"node_modules/@hapi/topo": {
			"version": "5.1.0",
			"license": "BSD-3-Clause",
			"dependencies": {
				"@hapi/hoek": "^9.0.0"
			}
		},
		"node_modules/@hono/node-server": {
			"version": "1.13.8",
			"resolved": "https://registry.npmjs.org/@hono/node-server/-/node-server-1.13.8.tgz",
			"integrity": "sha512-fsn8ucecsAXUoVxrUil0m13kOEq4mkX4/4QozCqmY+HpGfKl74OYSn8JcMA8GnG0ClfdRI4/ZSeG7zhFaVg+wg==",
			"license": "MIT",
			"engines": {
				"node": ">=18.14.1"
			},
			"peerDependencies": {
				"hono": "^4"
			}
		},
		"node_modules/@hono/valibot-validator": {
			"version": "0.5.2",
			"resolved": "https://registry.npmjs.org/@hono/valibot-validator/-/valibot-validator-0.5.2.tgz",
			"integrity": "sha512-WbTr8PCFNAME0ale62rmmq+E8bGp5a7VPiVNmNT+Ue12GJE3Ax+CWBGtHhR0TzAEiloPvJND3IbjHIgtNtsqhw==",
			"license": "MIT",
			"peerDependencies": {
				"hono": ">=3.9.0",
				"valibot": "^1.0.0 || ^1.0.0-beta.4 || ^1.0.0-rc"
			}
		},
		"node_modules/@marijn/find-cluster-break": {
			"version": "1.0.2",
			"dev": true,
			"license": "MIT",
			"peer": true
		},
		"node_modules/@peculiar/asn1-schema": {
			"version": "2.3.13",
			"license": "MIT",
			"dependencies": {
				"asn1js": "^3.0.5",
				"pvtsutils": "^1.3.5",
				"tslib": "^2.6.2"
			}
		},
		"node_modules/@peculiar/asn1-x509": {
			"version": "2.3.13",
			"license": "MIT",
			"dependencies": {
				"@peculiar/asn1-schema": "^2.3.13",
				"asn1js": "^3.0.5",
				"ipaddr.js": "^2.1.0",
				"pvtsutils": "^1.3.5",
				"tslib": "^2.6.2"
			}
		},
		"node_modules/@peculiar/asn1-x509-logotype": {
			"version": "2.3.13",
			"license": "MIT",
			"dependencies": {
				"@peculiar/asn1-schema": "^2.3.13",
				"@peculiar/asn1-x509": "^2.3.13",
				"asn1js": "^3.0.5",
				"tslib": "^2.6.2"
			}
		},
		"node_modules/@postalsys/vmc": {
			"version": "1.1.0",
			"license": "MIT",
			"dependencies": {
				"@peculiar/asn1-schema": "2.3.13",
				"@peculiar/asn1-x509": "2.3.13",
				"@peculiar/asn1-x509-logotype": "2.3.13"
			}
		},
		"node_modules/@selderee/plugin-htmlparser2": {
			"version": "0.11.0",
			"license": "MIT",
			"dependencies": {
				"domhandler": "^5.0.3",
				"selderee": "^0.11.0"
			},
			"funding": {
				"url": "https://ko-fi.com/killymxi"
			}
		},
		"node_modules/@sideway/address": {
			"version": "4.1.5",
			"license": "BSD-3-Clause",
			"dependencies": {
				"@hapi/hoek": "^9.0.0"
			}
		},
		"node_modules/@sideway/formula": {
			"version": "3.0.1",
			"license": "BSD-3-Clause"
		},
		"node_modules/@sideway/pinpoint": {
			"version": "2.0.0",
			"license": "BSD-3-Clause"
		},
		"node_modules/@types/bun": {
			"version": "1.1.17",
			"dev": true,
			"license": "MIT",
			"dependencies": {
				"bun-types": "1.1.44"
			}
		},
		"node_modules/@types/codemirror": {
			"version": "5.60.8",
			"dev": true,
			"license": "MIT",
			"dependencies": {
				"@types/tern": "*"
			}
		},
		"node_modules/@types/estree": {
			"version": "1.0.6",
			"dev": true,
			"license": "MIT"
		},
		"node_modules/@types/mailparser": {
			"version": "3.4.5",
			"dev": true,
			"license": "MIT",
			"dependencies": {
				"@types/node": "*",
				"iconv-lite": "^0.6.3"
			}
		},
		"node_modules/@types/node": {
			"version": "22.10.7",
			"dev": true,
			"license": "MIT",
			"dependencies": {
				"undici-types": "~6.20.0"
			}
		},
		"node_modules/@types/nodemailer": {
			"version": "6.4.17",
			"dev": true,
			"license": "MIT",
			"dependencies": {
				"@types/node": "*"
			}
		},
		"node_modules/@types/smtp-server": {
			"version": "3.5.10",
			"dev": true,
			"license": "MIT",
			"dependencies": {
				"@types/node": "*",
				"@types/nodemailer": "*"
			}
		},
		"node_modules/@types/tern": {
			"version": "0.23.9",
			"dev": true,
			"license": "MIT",
			"dependencies": {
				"@types/estree": "*"
			}
		},
		"node_modules/@types/ws": {
			"version": "8.5.13",
			"dev": true,
			"license": "MIT",
			"dependencies": {
				"@types/node": "*"
			}
		},
		"node_modules/ansi-regex": {
			"version": "5.0.1",
			"license": "MIT",
			"engines": {
				"node": ">=8"
			}
		},
		"node_modules/ansi-styles": {
			"version": "4.3.0",
			"license": "MIT",
			"dependencies": {
				"color-convert": "^2.0.1"
			},
			"engines": {
				"node": ">=8"
			},
			"funding": {
				"url": "https://github.com/chalk/ansi-styles?sponsor=1"
			}
		},
		"node_modules/asn1js": {
			"version": "3.0.5",
			"license": "BSD-3-Clause",
			"dependencies": {
				"pvtsutils": "^1.3.2",
				"pvutils": "^1.1.3",
				"tslib": "^2.4.0"
			},
			"engines": {
				"node": ">=12.0.0"
			}
		},
		"node_modules/base32.js": {
			"version": "0.1.0",
			"license": "MIT",
			"engines": {
				"node": ">=0.12.0"
			}
		},
		"node_modules/builtin-modules": {
			"version": "4.0.0",
			"dev": true,
			"license": "MIT",
			"engines": {
				"node": ">=18.20"
			},
			"funding": {
				"url": "https://github.com/sponsors/sindresorhus"
			}
		},
		"node_modules/bun-types": {
			"version": "1.1.44",
			"dev": true,
			"license": "MIT",
			"dependencies": {
				"@types/node": "~20.12.8",
				"@types/ws": "~8.5.10"
			}
		},
		"node_modules/bun-types/node_modules/@types/node": {
			"version": "20.12.14",
			"dev": true,
			"license": "MIT",
			"dependencies": {
				"undici-types": "~5.26.4"
			}
		},
		"node_modules/bun-types/node_modules/@types/node/node_modules/undici-types": {
			"version": "5.26.5",
			"dev": true,
			"license": "MIT"
		},
		"node_modules/cliui": {
			"version": "8.0.1",
			"license": "ISC",
			"dependencies": {
				"string-width": "^4.2.0",
				"strip-ansi": "^6.0.1",
				"wrap-ansi": "^7.0.0"
			},
			"engines": {
				"node": ">=12"
			}
		},
		"node_modules/color-convert": {
			"version": "2.0.1",
			"license": "MIT",
			"dependencies": {
				"color-name": "~1.1.4"
			},
			"engines": {
				"node": ">=7.0.0"
			}
		},
		"node_modules/color-name": {
			"version": "1.1.4",
			"license": "MIT"
		},
		"node_modules/deepmerge": {
			"version": "4.3.1",
			"license": "MIT",
			"engines": {
				"node": ">=0.10.0"
			}
		},
		"node_modules/dom-serializer": {
			"version": "2.0.0",
			"license": "MIT",
			"dependencies": {
				"domelementtype": "^2.3.0",
				"domhandler": "^5.0.2",
				"entities": "^4.2.0"
			},
			"funding": {
				"url": "https://github.com/cheeriojs/dom-serializer?sponsor=1"
			}
		},
		"node_modules/domelementtype": {
			"version": "2.3.0",
			"funding": [
				{
					"type": "github",
					"url": "https://github.com/sponsors/fb55"
				}
			],
			"license": "BSD-2-Clause"
		},
		"node_modules/domhandler": {
			"version": "5.0.3",
			"license": "BSD-2-Clause",
			"dependencies": {
				"domelementtype": "^2.3.0"
			},
			"engines": {
				"node": ">= 4"
			},
			"funding": {
				"url": "https://github.com/fb55/domhandler?sponsor=1"
			}
		},
		"node_modules/domutils": {
			"version": "3.2.2",
			"license": "BSD-2-Clause",
			"dependencies": {
				"dom-serializer": "^2.0.0",
				"domelementtype": "^2.3.0",
				"domhandler": "^5.0.3"
			},
			"funding": {
				"url": "https://github.com/fb55/domutils?sponsor=1"
			}
		},
		"node_modules/emoji-regex": {
			"version": "8.0.0",
			"license": "MIT"
		},
		"node_modules/encoding-japanese": {
			"version": "2.2.0",
			"license": "MIT",
			"engines": {
				"node": ">=8.10.0"
			}
		},
		"node_modules/entities": {
			"version": "4.5.0",
			"license": "BSD-2-Clause",
			"engines": {
				"node": ">=0.12"
			},
			"funding": {
				"url": "https://github.com/fb55/entities?sponsor=1"
			}
		},
		"node_modules/es-toolkit": {
			"version": "1.31.0",
			"license": "MIT",
			"workspaces": [
				"docs",
				"benchmarks"
			]
		},
		"node_modules/esbuild": {
			"version": "0.24.2",
			"dev": true,
			"hasInstallScript": true,
			"license": "MIT",
			"bin": {
				"esbuild": "bin/esbuild"
			},
			"engines": {
				"node": ">=18"
			},
			"optionalDependencies": {
				"@esbuild/aix-ppc64": "0.24.2",
				"@esbuild/android-arm": "0.24.2",
				"@esbuild/android-arm64": "0.24.2",
				"@esbuild/android-x64": "0.24.2",
				"@esbuild/darwin-arm64": "0.24.2",
				"@esbuild/darwin-x64": "0.24.2",
				"@esbuild/freebsd-arm64": "0.24.2",
				"@esbuild/freebsd-x64": "0.24.2",
				"@esbuild/linux-arm": "0.24.2",
				"@esbuild/linux-arm64": "0.24.2",
				"@esbuild/linux-ia32": "0.24.2",
				"@esbuild/linux-loong64": "0.24.2",
				"@esbuild/linux-mips64el": "0.24.2",
				"@esbuild/linux-ppc64": "0.24.2",
				"@esbuild/linux-riscv64": "0.24.2",
				"@esbuild/linux-s390x": "0.24.2",
				"@esbuild/linux-x64": "0.24.2",
				"@esbuild/netbsd-arm64": "0.24.2",
				"@esbuild/netbsd-x64": "0.24.2",
				"@esbuild/openbsd-arm64": "0.24.2",
				"@esbuild/openbsd-x64": "0.24.2",
				"@esbuild/sunos-x64": "0.24.2",
				"@esbuild/win32-arm64": "0.24.2",
				"@esbuild/win32-ia32": "0.24.2",
				"@esbuild/win32-x64": "0.24.2"
			}
		},
		"node_modules/escalade": {
			"version": "3.2.0",
			"license": "MIT",
			"engines": {
				"node": ">=6"
			}
		},
		"node_modules/fast-xml-parser": {
			"version": "4.5.1",
			"funding": [
				{
					"type": "github",
					"url": "https://github.com/sponsors/NaturalIntelligence"
				},
				{
					"type": "paypal",
					"url": "https://paypal.me/naturalintelligence"
				}
			],
			"license": "MIT",
			"dependencies": {
				"strnum": "^1.0.5"
			},
			"bin": {
				"fxparser": "src/cli/cli.js"
			}
		},
		"node_modules/get-caller-file": {
			"version": "2.0.5",
			"license": "ISC",
			"engines": {
				"node": "6.* || 8.* || >= 10.*"
			}
		},
		"node_modules/he": {
			"version": "1.2.0",
			"license": "MIT",
			"bin": {
				"he": "bin/he"
			}
		},
		"node_modules/hono": {
			"version": "4.7.1",
			"resolved": "https://registry.npmjs.org/hono/-/hono-4.7.1.tgz",
			"integrity": "sha512-V3eWoPkBxoNgFCkSc5Y5rpLF6YoQQx1pkYO4qrF6YfOw8RZbujUNlJLZCxh0z9gZct70+je2Ih7Zrdpv21hP9w==",
			"license": "MIT",
			"engines": {
				"node": ">=16.9.0"
			}
		},
		"node_modules/html-to-text": {
			"version": "9.0.5",
			"license": "MIT",
			"dependencies": {
				"@selderee/plugin-htmlparser2": "^0.11.0",
				"deepmerge": "^4.3.1",
				"dom-serializer": "^2.0.0",
				"htmlparser2": "^8.0.2",
				"selderee": "^0.11.0"
			},
			"engines": {
				"node": ">=14"
			}
		},
		"node_modules/htmlparser2": {
			"version": "8.0.2",
			"funding": [
				"https://github.com/fb55/htmlparser2?sponsor=1",
				{
					"type": "github",
					"url": "https://github.com/sponsors/fb55"
				}
			],
			"license": "MIT",
			"dependencies": {
				"domelementtype": "^2.3.0",
				"domhandler": "^5.0.3",
				"domutils": "^3.0.1",
				"entities": "^4.4.0"
			}
		},
		"node_modules/iconv-lite": {
			"version": "0.6.3",
			"license": "MIT",
			"dependencies": {
				"safer-buffer": ">= 2.1.2 < 3.0.0"
			},
			"engines": {
				"node": ">=0.10.0"
			}
		},
		"node_modules/ipaddr.js": {
			"version": "2.2.0",
			"license": "MIT",
			"engines": {
				"node": ">= 10"
			}
		},
		"node_modules/ipv6-normalize": {
			"version": "1.0.1",
			"license": "MIT"
		},
		"node_modules/is-fullwidth-code-point": {
			"version": "3.0.0",
			"license": "MIT",
			"engines": {
				"node": ">=8"
			}
		},
		"node_modules/joi": {
			"version": "17.13.3",
			"license": "BSD-3-Clause",
			"dependencies": {
				"@hapi/hoek": "^9.3.0",
				"@hapi/topo": "^5.1.0",
				"@sideway/address": "^4.1.5",
				"@sideway/formula": "^3.0.1",
				"@sideway/pinpoint": "^2.0.0"
			}
		},
		"node_modules/leac": {
			"version": "0.6.0",
			"license": "MIT",
			"funding": {
				"url": "https://ko-fi.com/killymxi"
			}
		},
		"node_modules/libbase64": {
			"version": "1.3.0",
			"license": "MIT"
		},
		"node_modules/libmime": {
			"version": "5.3.6",
			"license": "MIT",
			"dependencies": {
				"encoding-japanese": "2.2.0",
				"iconv-lite": "0.6.3",
				"libbase64": "1.3.0",
				"libqp": "2.1.1"
			}
		},
		"node_modules/libqp": {
			"version": "2.1.1",
			"license": "MIT"
		},
		"node_modules/linkify-it": {
			"version": "5.0.0",
			"license": "MIT",
			"dependencies": {
				"uc.micro": "^2.0.0"
			}
		},
		"node_modules/mailauth": {
			"version": "4.8.2",
			"license": "MIT",
			"dependencies": {
				"@postalsys/vmc": "1.1.0",
				"fast-xml-parser": "4.5.1",
				"ipaddr.js": "2.2.0",
				"joi": "17.13.3",
				"libmime": "5.3.6",
				"nodemailer": "6.9.16",
				"punycode.js": "2.3.1",
				"tldts": "6.1.68",
				"undici": "5.28.4",
				"yargs": "17.7.2"
			},
			"bin": {
				"mailauth": "bin/mailauth.js"
			},
			"engines": {
				"node": ">=16.0.0"
			}
		},
		"node_modules/mailparser": {
			"version": "3.7.2",
			"license": "MIT",
			"dependencies": {
				"encoding-japanese": "2.2.0",
				"he": "1.2.0",
				"html-to-text": "9.0.5",
				"iconv-lite": "0.6.3",
				"libmime": "5.3.6",
				"linkify-it": "5.0.0",
				"mailsplit": "5.4.2",
				"nodemailer": "6.9.16",
				"punycode.js": "2.3.1",
				"tlds": "1.255.0"
			}
		},
		"node_modules/mailsplit": {
			"version": "5.4.2",
			"license": "(MIT OR EUPL-1.1+)",
			"dependencies": {
				"libbase64": "1.3.0",
				"libmime": "5.3.6",
				"libqp": "2.1.1"
			}
		},
		"node_modules/moment": {
			"version": "2.29.4",
			"dev": true,
			"license": "MIT",
			"engines": {
				"node": "*"
			}
		},
		"node_modules/nodemailer": {
			"version": "6.9.16",
			"license": "MIT-0",
			"engines": {
				"node": ">=6.0.0"
			}
		},
		"node_modules/obsidian": {
			"version": "1.7.2",
			"resolved": "https://registry.npmjs.org/obsidian/-/obsidian-1.7.2.tgz",
			"integrity": "sha512-k9hN9brdknJC+afKr5FQzDRuEFGDKbDjfCazJwpgibwCAoZNYHYV8p/s3mM8I6AsnKrPKNXf8xGuMZ4enWelZQ==",
			"dev": true,
			"license": "MIT",
			"dependencies": {
				"@types/codemirror": "5.60.8",
				"moment": "2.29.4"
			},
			"peerDependencies": {
				"@codemirror/state": "^6.0.0",
				"@codemirror/view": "^6.0.0"
			}
		},
		"node_modules/parseley": {
			"version": "0.12.1",
			"license": "MIT",
			"dependencies": {
				"leac": "^0.6.0",
				"peberminta": "^0.9.0"
			},
			"funding": {
				"url": "https://ko-fi.com/killymxi"
			}
		},
		"node_modules/peberminta": {
			"version": "0.9.0",
			"license": "MIT",
			"funding": {
				"url": "https://ko-fi.com/killymxi"
			}
		},
		"node_modules/punycode.js": {
			"version": "2.3.1",
			"license": "MIT",
			"engines": {
				"node": ">=6"
			}
		},
		"node_modules/pvtsutils": {
			"version": "1.3.6",
			"license": "MIT",
			"dependencies": {
				"tslib": "^2.8.1"
			}
		},
		"node_modules/pvutils": {
			"version": "1.1.3",
			"license": "MIT",
			"engines": {
				"node": ">=6.0.0"
			}
		},
		"node_modules/require-directory": {
			"version": "2.1.1",
			"license": "MIT",
			"engines": {
				"node": ">=0.10.0"
			}
		},
		"node_modules/safer-buffer": {
			"version": "2.1.2",
			"license": "MIT"
		},
		"node_modules/selderee": {
			"version": "0.11.0",
			"license": "MIT",
			"dependencies": {
				"parseley": "^0.12.0"
			},
			"funding": {
				"url": "https://ko-fi.com/killymxi"
			}
		},
		"node_modules/smtp-server": {
			"version": "3.13.6",
			"license": "MIT-0",
			"dependencies": {
				"base32.js": "0.1.0",
				"ipv6-normalize": "1.0.1",
				"nodemailer": "6.9.15",
				"punycode.js": "2.3.1"
			},
			"engines": {
				"node": ">=12.0.0"
			}
		},
		"node_modules/smtp-server/node_modules/nodemailer": {
			"version": "6.9.15",
			"license": "MIT-0",
			"engines": {
				"node": ">=6.0.0"
			}
		},
		"node_modules/string-width": {
			"version": "4.2.3",
			"license": "MIT",
			"dependencies": {
				"emoji-regex": "^8.0.0",
				"is-fullwidth-code-point": "^3.0.0",
				"strip-ansi": "^6.0.1"
			},
			"engines": {
				"node": ">=8"
			}
		},
		"node_modules/strip-ansi": {
			"version": "6.0.1",
			"license": "MIT",
			"dependencies": {
				"ansi-regex": "^5.0.1"
			},
			"engines": {
				"node": ">=8"
			}
		},
		"node_modules/strnum": {
			"version": "1.0.5",
			"license": "MIT"
		},
		"node_modules/style-mod": {
			"version": "4.1.2",
			"dev": true,
			"license": "MIT",
			"peer": true
		},
		"node_modules/tlds": {
			"version": "1.255.0",
			"license": "MIT",
			"bin": {
				"tlds": "bin.js"
			}
		},
		"node_modules/tldts": {
			"version": "6.1.68",
			"license": "MIT",
			"dependencies": {
				"tldts-core": "^6.1.68"
			},
			"bin": {
				"tldts": "bin/cli.js"
			}
		},
		"node_modules/tldts-core": {
			"version": "6.1.73",
			"license": "MIT"
		},
		"node_modules/tslib": {
			"version": "2.8.1",
			"license": "0BSD"
		},
		"node_modules/typescript": {
			"version": "5.7.3",
			"devOptional": true,
			"license": "Apache-2.0",
			"bin": {
				"tsc": "bin/tsc",
				"tsserver": "bin/tsserver"
			},
			"engines": {
				"node": ">=14.17"
			}
		},
		"node_modules/uc.micro": {
			"version": "2.1.0",
			"license": "MIT"
		},
		"node_modules/undici": {
			"version": "5.28.4",
			"license": "MIT",
			"dependencies": {
				"@fastify/busboy": "^2.0.0"
			},
			"engines": {
				"node": ">=14.0"
			}
		},
		"node_modules/undici-types": {
			"version": "6.20.0",
			"dev": true,
			"license": "MIT"
		},
		"node_modules/valibot": {
			"version": "1.0.0-rc.0",
			"resolved": "https://registry.npmjs.org/valibot/-/valibot-1.0.0-rc.0.tgz",
			"integrity": "sha512-9ZUrOXOejY/WaIn8p0Z469R1qBAwNJeqq8jzOIDsl1qR8gqtObHQmyHLFli0UCkcGiTco5kH6/KPLWsTWE9b2g==",
			"license": "MIT",
			"peer": true,
			"peerDependencies": {
				"typescript": ">=5"
			},
			"peerDependenciesMeta": {
				"typescript": {
					"optional": true
				}
			}
		},
		"node_modules/w3c-keyname": {
			"version": "2.2.8",
			"dev": true,
			"license": "MIT",
			"peer": true
		},
		"node_modules/wrap-ansi": {
			"version": "7.0.0",
			"license": "MIT",
			"dependencies": {
				"ansi-styles": "^4.0.0",
				"string-width": "^4.1.0",
				"strip-ansi": "^6.0.0"
			},
			"engines": {
				"node": ">=10"
			},
			"funding": {
				"url": "https://github.com/chalk/wrap-ansi?sponsor=1"
			}
		},
		"node_modules/y18n": {
			"version": "5.0.8",
			"license": "ISC",
			"engines": {
				"node": ">=10"
			}
		},
		"node_modules/yargs": {
			"version": "17.7.2",
			"license": "MIT",
			"dependencies": {
				"cliui": "^8.0.1",
				"escalade": "^3.1.1",
				"get-caller-file": "^2.0.5",
				"require-directory": "^2.1.1",
				"string-width": "^4.2.3",
				"y18n": "^5.0.5",
				"yargs-parser": "^21.1.1"
			},
			"engines": {
				"node": ">=12"
			}
		},
		"node_modules/yargs-parser": {
			"version": "21.1.1",
			"license": "ISC",
			"engines": {
				"node": ">=12"
			}
		}
	}
}
